
Microsoft Visual Studio Solution File, Format Version 12.00
# Visual Studio 2013
VisualStudioVersion = 12.0.21005.1
MinimumVisualStudioVersion = 10.0.40219.1
Project("{2150E333-8FDC-42A3-9474-1A3956D46DE8}") = ".nuget", ".nuget", "{60F31045-2885-4EC1-B327-CD2F51794A4F}"
	ProjectSection(SolutionItems) = preProject
		.nuget\NuGet.Config = .nuget\NuGet.Config
		.nuget\NuGet.exe = .nuget\NuGet.exe
		.nuget\NuGet.targets = .nuget\NuGet.targets
	EndProjectSection
EndProject
Project("{FAE04EC0-301F-11D3-BF4B-00C04F79EFBC}") = "Proto.Mvc.Mgmt", "Proto.Mvc.Mgmt\Proto.Mvc.Mgmt.csproj", "{F167F61C-BF85-4A19-B1E9-B3BC863C04A0}"
EndProject
Project("{2150E333-8FDC-42A3-9474-1A3956D46DE8}") = "Frameworks", "Frameworks", "{7ECC9539-B9BB-4E25-96F8-C38C55CF67B0}"
EndProject
Project("{FAE04EC0-301F-11D3-BF4B-00C04F79EFBC}") = "Repository", "Repository\Repository.csproj", "{D69BBA16-BB4A-46F2-9D71-FDD71F74862B}"
EndProject
Project("{2150E333-8FDC-42A3-9474-1A3956D46DE8}") = "Models", "Models", "{EF275C75-A625-4B27-ACBE-30B41B9CE484}"
EndProject
Project("{FAE04EC0-301F-11D3-BF4B-00C04F79EFBC}") = "Data", "Data\Data.csproj", "{DE1A7072-744F-4306-BAA3-E95FBC1AC6E0}"
EndProject
Project("{FAE04EC0-301F-11D3-BF4B-00C04F79EFBC}") = "Domain", "Domain\Domain.csproj", "{06307A67-DCF5-4E7E-9353-A5FE10E4D9C5}"
EndProject
Project("{FAE04EC0-301F-11D3-BF4B-00C04F79EFBC}") = "DataModel", "DataModel\DataModel.csproj", "{79C92AA3-8328-4E43-82C2-5A4C4B26C720}"
EndProject
Project("{FAE04EC0-301F-11D3-BF4B-00C04F79EFBC}") = "ViewModel", "ViewModel\ViewModel.csproj", "{B2D6F35A-0D59-4235-B9BE-42754DE58D31}"
EndProject
Project("{FAE04EC0-301F-11D3-BF4B-00C04F79EFBC}") = "ModelMap", "ModelMap\ModelMap.csproj", "{19F9BDFC-46FB-4DBF-8E98-464B64AFAC40}"
EndProject
Project("{FAE04EC0-301F-11D3-BF4B-00C04F79EFBC}") = "Logging", "Logger\Logging.csproj", "{ED2D5C17-B46A-41F2-A1D0-B9B0650C0E21}"
EndProject
Project("{2150E333-8FDC-42A3-9474-1A3956D46DE8}") = "Prototypes", "Prototypes", "{03FCE9F2-B36A-4A62-A83A-540095EF718A}"
EndProject
Project("{FAE04EC0-301F-11D3-BF4B-00C04F79EFBC}") = "ConsoleProxySimple", "ConsoleProxySimple\ConsoleProxySimple.csproj", "{9997B19E-BB34-48D5-B855-F6EB5CD51D6E}"
EndProject
Project("{FAE04EC0-301F-11D3-BF4B-00C04F79EFBC}") = "ConsoleDecoratorSimple", "ConsoleDecoratorSimple\ConsoleDecoratorSimple.csproj", "{57137E75-5177-46ED-AA33-BBB1F28D4E56}"
EndProject
Project("{FAE04EC0-301F-11D3-BF4B-00C04F79EFBC}") = "ConsoleDecoratorComplex", "ConsoleDecoratorComplex\ConsoleDecoratorComplex.csproj", "{EA851C8A-DD8E-480D-A886-E79D9ECDBDB8}"
EndProject
Project("{FAE04EC0-301F-11D3-BF4B-00C04F79EFBC}") = "ConsoleLogging", "ConsoleLogging\ConsoleLogging.csproj", "{C146746B-266C-457E-AAFE-CE5DCD1F7701}"
EndProject
Project("{FAE04EC0-301F-11D3-BF4B-00C04F79EFBC}") = "ConsoleLoggingNLog", "ConsoleLoggingNLog\ConsoleLoggingNLog.csproj", "{0FCC044F-DC9E-4E07-BD8C-AD3A835EEA48}"
EndProject
Project("{FAE04EC0-301F-11D3-BF4B-00C04F79EFBC}") = "Caching", "Caching\Caching.csproj", "{793DE907-C7E3-4EEC-B0EF-1514D41CEE21}"
EndProject
Project("{FAE04EC0-301F-11D3-BF4B-00C04F79EFBC}") = "Core", "Core\Core.csproj", "{87159E81-26FA-4EF0-851D-DA6C8D78E091}"
EndProject
Project("{FAE04EC0-301F-11D3-BF4B-00C04F79EFBC}") = "MvcWeb", "MvcWeb\MvcWeb.csproj", "{3C64B6D1-3203-420A-B454-D4E3D87EE25E}"
EndProject
Project("{FAE04EC0-301F-11D3-BF4B-00C04F79EFBC}") = "IdentityUserData", "IdentityModel\IdentityUserData.csproj", "{5699F4BA-FC25-4600-8C92-19C5907B2746}"
EndProject
Project("{2150E333-8FDC-42A3-9474-1A3956D46DE8}") = "Data Layer", "Data Layer", "{C0A7267C-779B-42C6-9D36-6581E9B79B48}"
EndProject
Project("{2150E333-8FDC-42A3-9474-1A3956D46DE8}") = "Business Layer", "Business Layer", "{6524C301-7CD7-4EFD-A34D-FF0F66F05E92}"
EndProject
Project("{2150E333-8FDC-42A3-9474-1A3956D46DE8}") = "Client Layer", "Client Layer", "{CF6E5622-802B-4C0A-B698-41B42D30DDB0}"
EndProject
Global
	GlobalSection(SolutionConfigurationPlatforms) = preSolution
		Debug|Any CPU = Debug|Any CPU
		Release|Any CPU = Release|Any CPU
	EndGlobalSection
	GlobalSection(ProjectConfigurationPlatforms) = postSolution
		{F167F61C-BF85-4A19-B1E9-B3BC863C04A0}.Debug|Any CPU.ActiveCfg = Debug|Any CPU
		{F167F61C-BF85-4A19-B1E9-B3BC863C04A0}.Debug|Any CPU.Build.0 = Debug|Any CPU
		{F167F61C-BF85-4A19-B1E9-B3BC863C04A0}.Release|Any CPU.ActiveCfg = Release|Any CPU
		{F167F61C-BF85-4A19-B1E9-B3BC863C04A0}.Release|Any CPU.Build.0 = Release|Any CPU
		{D69BBA16-BB4A-46F2-9D71-FDD71F74862B}.Debug|Any CPU.ActiveCfg = Debug|Any CPU
		{D69BBA16-BB4A-46F2-9D71-FDD71F74862B}.Debug|Any CPU.Build.0 = Debug|Any CPU
		{D69BBA16-BB4A-46F2-9D71-FDD71F74862B}.Release|Any CPU.ActiveCfg = Release|Any CPU
		{D69BBA16-BB4A-46F2-9D71-FDD71F74862B}.Release|Any CPU.Build.0 = Release|Any CPU
		{DE1A7072-744F-4306-BAA3-E95FBC1AC6E0}.Debug|Any CPU.ActiveCfg = Debug|Any CPU
		{DE1A7072-744F-4306-BAA3-E95FBC1AC6E0}.Debug|Any CPU.Build.0 = Debug|Any CPU
		{DE1A7072-744F-4306-BAA3-E95FBC1AC6E0}.Release|Any CPU.ActiveCfg = Release|Any CPU
		{DE1A7072-744F-4306-BAA3-E95FBC1AC6E0}.Release|Any CPU.Build.0 = Release|Any CPU
		{06307A67-DCF5-4E7E-9353-A5FE10E4D9C5}.Debug|Any CPU.ActiveCfg = Debug|Any CPU
		{06307A67-DCF5-4E7E-9353-A5FE10E4D9C5}.Debug|Any CPU.Build.0 = Debug|Any CPU
		{06307A67-DCF5-4E7E-9353-A5FE10E4D9C5}.Release|Any CPU.ActiveCfg = Release|Any CPU
		{06307A67-DCF5-4E7E-9353-A5FE10E4D9C5}.Release|Any CPU.Build.0 = Release|Any CPU
		{79C92AA3-8328-4E43-82C2-5A4C4B26C720}.Debug|Any CPU.ActiveCfg = Debug|Any CPU
		{79C92AA3-8328-4E43-82C2-5A4C4B26C720}.Debug|Any CPU.Build.0 = Debug|Any CPU
		{79C92AA3-8328-4E43-82C2-5A4C4B26C720}.Release|Any CPU.ActiveCfg = Release|Any CPU
		{79C92AA3-8328-4E43-82C2-5A4C4B26C720}.Release|Any CPU.Build.0 = Release|Any CPU
		{B2D6F35A-0D59-4235-B9BE-42754DE58D31}.Debug|Any CPU.ActiveCfg = Debug|Any CPU
		{B2D6F35A-0D59-4235-B9BE-42754DE58D31}.Debug|Any CPU.Build.0 = Debug|Any CPU
		{B2D6F35A-0D59-4235-B9BE-42754DE58D31}.Release|Any CPU.ActiveCfg = Release|Any CPU
		{B2D6F35A-0D59-4235-B9BE-42754DE58D31}.Release|Any CPU.Build.0 = Release|Any CPU
		{19F9BDFC-46FB-4DBF-8E98-464B64AFAC40}.Debug|Any CPU.ActiveCfg = Debug|Any CPU
		{19F9BDFC-46FB-4DBF-8E98-464B64AFAC40}.Debug|Any CPU.Build.0 = Debug|Any CPU
		{19F9BDFC-46FB-4DBF-8E98-464B64AFAC40}.Release|Any CPU.ActiveCfg = Release|Any CPU
		{19F9BDFC-46FB-4DBF-8E98-464B64AFAC40}.Release|Any CPU.Build.0 = Release|Any CPU
		{ED2D5C17-B46A-41F2-A1D0-B9B0650C0E21}.Debug|Any CPU.ActiveCfg = Debug|Any CPU
		{ED2D5C17-B46A-41F2-A1D0-B9B0650C0E21}.Debug|Any CPU.Build.0 = Debug|Any CPU
		{ED2D5C17-B46A-41F2-A1D0-B9B0650C0E21}.Release|Any CPU.ActiveCfg = Release|Any CPU
		{ED2D5C17-B46A-41F2-A1D0-B9B0650C0E21}.Release|Any CPU.Build.0 = Release|Any CPU
		{9997B19E-BB34-48D5-B855-F6EB5CD51D6E}.Debug|Any CPU.ActiveCfg = Debug|Any CPU
		{9997B19E-BB34-48D5-B855-F6EB5CD51D6E}.Debug|Any CPU.Build.0 = Debug|Any CPU
		{9997B19E-BB34-48D5-B855-F6EB5CD51D6E}.Release|Any CPU.ActiveCfg = Release|Any CPU
		{9997B19E-BB34-48D5-B855-F6EB5CD51D6E}.Release|Any CPU.Build.0 = Release|Any CPU
		{57137E75-5177-46ED-AA33-BBB1F28D4E56}.Debug|Any CPU.ActiveCfg = Debug|Any CPU
		{57137E75-5177-46ED-AA33-BBB1F28D4E56}.Debug|Any CPU.Build.0 = Debug|Any CPU
		{57137E75-5177-46ED-AA33-BBB1F28D4E56}.Release|Any CPU.ActiveCfg = Release|Any CPU
		{57137E75-5177-46ED-AA33-BBB1F28D4E56}.Release|Any CPU.Build.0 = Release|Any CPU
		{EA851C8A-DD8E-480D-A886-E79D9ECDBDB8}.Debug|Any CPU.ActiveCfg = Debug|Any CPU
		{EA851C8A-DD8E-480D-A886-E79D9ECDBDB8}.Debug|Any CPU.Build.0 = Debug|Any CPU
		{EA851C8A-DD8E-480D-A886-E79D9ECDBDB8}.Release|Any CPU.ActiveCfg = Release|Any CPU
		{EA851C8A-DD8E-480D-A886-E79D9ECDBDB8}.Release|Any CPU.Build.0 = Release|Any CPU
		{C146746B-266C-457E-AAFE-CE5DCD1F7701}.Debug|Any CPU.ActiveCfg = Debug|Any CPU
		{C146746B-266C-457E-AAFE-CE5DCD1F7701}.Debug|Any CPU.Build.0 = Debug|Any CPU
		{C146746B-266C-457E-AAFE-CE5DCD1F7701}.Release|Any CPU.ActiveCfg = Release|Any CPU
		{C146746B-266C-457E-AAFE-CE5DCD1F7701}.Release|Any CPU.Build.0 = Release|Any CPU
		{0FCC044F-DC9E-4E07-BD8C-AD3A835EEA48}.Debug|Any CPU.ActiveCfg = Debug|Any CPU
		{0FCC044F-DC9E-4E07-BD8C-AD3A835EEA48}.Debug|Any CPU.Build.0 = Debug|Any CPU
		{0FCC044F-DC9E-4E07-BD8C-AD3A835EEA48}.Release|Any CPU.ActiveCfg = Release|Any CPU
		{0FCC044F-DC9E-4E07-BD8C-AD3A835EEA48}.Release|Any CPU.Build.0 = Release|Any CPU
		{793DE907-C7E3-4EEC-B0EF-1514D41CEE21}.Debug|Any CPU.ActiveCfg = Debug|Any CPU
		{793DE907-C7E3-4EEC-B0EF-1514D41CEE21}.Debug|Any CPU.Build.0 = Debug|Any CPU
		{793DE907-C7E3-4EEC-B0EF-1514D41CEE21}.Release|Any CPU.ActiveCfg = Release|Any CPU
		{793DE907-C7E3-4EEC-B0EF-1514D41CEE21}.Release|Any CPU.Build.0 = Release|Any CPU
		{87159E81-26FA-4EF0-851D-DA6C8D78E091}.Debug|Any CPU.ActiveCfg = Debug|Any CPU
		{87159E81-26FA-4EF0-851D-DA6C8D78E091}.Debug|Any CPU.Build.0 = Debug|Any CPU
		{87159E81-26FA-4EF0-851D-DA6C8D78E091}.Release|Any CPU.ActiveCfg = Release|Any CPU
		{87159E81-26FA-4EF0-851D-DA6C8D78E091}.Release|Any CPU.Build.0 = Release|Any CPU
		{3C64B6D1-3203-420A-B454-D4E3D87EE25E}.Debug|Any CPU.ActiveCfg = Debug|Any CPU
		{3C64B6D1-3203-420A-B454-D4E3D87EE25E}.Debug|Any CPU.Build.0 = Debug|Any CPU
		{3C64B6D1-3203-420A-B454-D4E3D87EE25E}.Release|Any CPU.ActiveCfg = Release|Any CPU
		{3C64B6D1-3203-420A-B454-D4E3D87EE25E}.Release|Any CPU.Build.0 = Release|Any CPU
		{5699F4BA-FC25-4600-8C92-19C5907B2746}.Debug|Any CPU.ActiveCfg = Debug|Any CPU
		{5699F4BA-FC25-4600-8C92-19C5907B2746}.Debug|Any CPU.Build.0 = Debug|Any CPU
		{5699F4BA-FC25-4600-8C92-19C5907B2746}.Release|Any CPU.ActiveCfg = Release|Any CPU
		{5699F4BA-FC25-4600-8C92-19C5907B2746}.Release|Any CPU.Build.0 = Release|Any CPU
	EndGlobalSection
	GlobalSection(SolutionProperties) = preSolution
		HideSolutionNode = FALSE
	EndGlobalSection
	GlobalSection(NestedProjects) = preSolution
		{D69BBA16-BB4A-46F2-9D71-FDD71F74862B} = {7ECC9539-B9BB-4E25-96F8-C38C55CF67B0}
		{ED2D5C17-B46A-41F2-A1D0-B9B0650C0E21} = {7ECC9539-B9BB-4E25-96F8-C38C55CF67B0}
		{793DE907-C7E3-4EEC-B0EF-1514D41CEE21} = {7ECC9539-B9BB-4E25-96F8-C38C55CF67B0}
		{87159E81-26FA-4EF0-851D-DA6C8D78E091} = {7ECC9539-B9BB-4E25-96F8-C38C55CF67B0}
		{79C92AA3-8328-4E43-82C2-5A4C4B26C720} = {EF275C75-A625-4B27-ACBE-30B41B9CE484}
		{B2D6F35A-0D59-4235-B9BE-42754DE58D31} = {EF275C75-A625-4B27-ACBE-30B41B9CE484}
		{19F9BDFC-46FB-4DBF-8E98-464B64AFAC40} = {EF275C75-A625-4B27-ACBE-30B41B9CE484}
		{9997B19E-BB34-48D5-B855-F6EB5CD51D6E} = {03FCE9F2-B36A-4A62-A83A-540095EF718A}
		{57137E75-5177-46ED-AA33-BBB1F28D4E56} = {03FCE9F2-B36A-4A62-A83A-540095EF718A}
		{EA851C8A-DD8E-480D-A886-E79D9ECDBDB8} = {03FCE9F2-B36A-4A62-A83A-540095EF718A}
		{C146746B-266C-457E-AAFE-CE5DCD1F7701} = {03FCE9F2-B36A-4A62-A83A-540095EF718A}
		{0FCC044F-DC9E-4E07-BD8C-AD3A835EEA48} = {03FCE9F2-B36A-4A62-A83A-540095EF718A}
		{DE1A7072-744F-4306-BAA3-E95FBC1AC6E0} = {C0A7267C-779B-42C6-9D36-6581E9B79B48}
		{5699F4BA-FC25-4600-8C92-19C5907B2746} = {C0A7267C-779B-42C6-9D36-6581E9B79B48}
		{06307A67-DCF5-4E7E-9353-A5FE10E4D9C5} = {6524C301-7CD7-4EFD-A34D-FF0F66F05E92}
		{F167F61C-BF85-4A19-B1E9-B3BC863C04A0} = {CF6E5622-802B-4C0A-B698-41B42D30DDB0}
		{3C64B6D1-3203-420A-B454-D4E3D87EE25E} = {CF6E5622-802B-4C0A-B698-41B42D30DDB0}
	EndGlobalSection
EndGlobal
